
Microsoft Visual Studio Solution File, Format Version 12.00
# Visual Studio Version 16
VisualStudioVersion = 16.0.29609.76
MinimumVisualStudioVersion = 10.0.40219.1
Project("{FAE04EC0-301F-11D3-BF4B-00C04F79EFBC}") = "ConsoleLAmdas01", "ConsoleLAmdas01.csproj", "{B33F6C6B-82E9-4D56-A468-1C1D97E24DE2}"
EndProject
Global
	GlobalSection(SolutionConfigurationPlatforms) = preSolution
		Debug|Any CPU = Debug|Any CPU
		Release|Any CPU = Release|Any CPU
	EndGlobalSection
	GlobalSection(ProjectConfigurationPlatforms) = postSolution
		{B33F6C6B-82E9-4D56-A468-1C1D97E24DE2}.Debug|Any CPU.ActiveCfg = Debug|Any CPU
		{B33F6C6B-82E9-4D56-A468-1C1D97E24DE2}.Debug|Any CPU.Build.0 = Debug|Any CPU
		{B33F6C6B-82E9-4D56-A468-1C1D97E24DE2}.Release|Any CPU.ActiveCfg = Release|Any CPU
		{B33F6C6B-82E9-4D56-A468-1C1D97E24DE2}.Release|Any CPU.Build.0 = Release|Any CPU
	EndGlobalSection
	GlobalSection(SolutionProperties) = preSolution
		HideSolutionNode = FALSE
	EndGlobalSection
	GlobalSection(ExtensibilityGlobals) = postSolution
		SolutionGuid = {AE336F67-E670-4CFE-8E3B-38EEA5761C95}
	EndGlobalSection
EndGlobal
